
Microsoft Visual Studio Solution File, Format Version 12.00
# Visual Studio 14
VisualStudioVersion = 14.0.24720.0
MinimumVisualStudioVersion = 10.0.40219.1
Project("{FAE04EC0-301F-11D3-BF4B-00C04F79EFBC}") = "VCSManager", "VCSManager.csproj", "{1B958516-AD8B-4387-A790-B8B8A4E74756}"
EndProject
Global
	GlobalSection(SolutionConfigurationPlatforms) = preSolution
		Debug|Any CPU = Debug|Any CPU
		Release|Any CPU = Release|Any CPU
	EndGlobalSection
	GlobalSection(ProjectConfigurationPlatforms) = postSolution
		{1B958516-AD8B-4387-A790-B8B8A4E74756}.Debug|Any CPU.ActiveCfg = Debug|Any CPU
		{1B958516-AD8B-4387-A790-B8B8A4E74756}.Debug|Any CPU.Build.0 = Debug|Any CPU
		{1B958516-AD8B-4387-A790-B8B8A4E74756}.Release|Any CPU.ActiveCfg = Release|Any CPU
		{1B958516-AD8B-4387-A790-B8B8A4E74756}.Release|Any CPU.Build.0 = Release|Any CPU
	EndGlobalSection
	GlobalSection(SolutionProperties) = preSolution
		HideSolutionNode = FALSE
	EndGlobalSection
EndGlobal
